
Microsoft Visual Studio Solution File, Format Version 12.00
# Visual Studio 2012
Project("{8BC9CEB8-8B4A-11D0-8D11-00A0C91BC942}") = "TCPchat", "TCPchat\TCPchat.vcxproj", "{753BE097-CE47-4FD9-9AFC-D5D75E7CBD4D}"
EndProject
Project("{8BC9CEB8-8B4A-11D0-8D11-00A0C91BC942}") = "ChatClient", "ChatClient\ChatClient.vcxproj", "{B50551F6-6B99-4A1A-91F5-1FAF50389984}"
EndProject
Global
	GlobalSection(SolutionConfigurationPlatforms) = preSolution
		Debug|Win32 = Debug|Win32
		Release|Win32 = Release|Win32
	EndGlobalSection
	GlobalSection(ProjectConfigurationPlatforms) = postSolution
		{753BE097-CE47-4FD9-9AFC-D5D75E7CBD4D}.Debug|Win32.ActiveCfg = Debug|Win32
		{753BE097-CE47-4FD9-9AFC-D5D75E7CBD4D}.Debug|Win32.Build.0 = Debug|Win32
		{753BE097-CE47-4FD9-9AFC-D5D75E7CBD4D}.Release|Win32.ActiveCfg = Release|Win32
		{753BE097-CE47-4FD9-9AFC-D5D75E7CBD4D}.Release|Win32.Build.0 = Release|Win32
		{B50551F6-6B99-4A1A-91F5-1FAF50389984}.Debug|Win32.ActiveCfg = Debug|Win32
		{B50551F6-6B99-4A1A-91F5-1FAF50389984}.Debug|Win32.Build.0 = Debug|Win32
		{B50551F6-6B99-4A1A-91F5-1FAF50389984}.Release|Win32.ActiveCfg = Release|Win32
		{B50551F6-6B99-4A1A-91F5-1FAF50389984}.Release|Win32.Build.0 = Release|Win32
	EndGlobalSection
	GlobalSection(SolutionProperties) = preSolution
		HideSolutionNode = FALSE
	EndGlobalSection
EndGlobal
